
Microsoft Visual Studio Solution File, Format Version 12.00
# Visual Studio Version 17
VisualStudioVersion = 17.3.32922.545
MinimumVisualStudioVersion = 10.0.40219.1
Project("{8BC9CEB8-8B4A-11D0-8D11-00A0C91BC942}") = "lab5.1", "lab5.1\lab5.1.vcxproj", "{514E7C74-3917-45E9-BBAA-2DABB8C58860}"
EndProject
Global
	GlobalSection(SolutionConfigurationPlatforms) = preSolution
		Debug|x64 = Debug|x64
		Debug|x86 = Debug|x86
		Release|x64 = Release|x64
		Release|x86 = Release|x86
	EndGlobalSection
	GlobalSection(ProjectConfigurationPlatforms) = postSolution
		{514E7C74-3917-45E9-BBAA-2DABB8C58860}.Debug|x64.ActiveCfg = Debug|x64
		{514E7C74-3917-45E9-BBAA-2DABB8C58860}.Debug|x64.Build.0 = Debug|x64
		{514E7C74-3917-45E9-BBAA-2DABB8C58860}.Debug|x86.ActiveCfg = Debug|Win32
		{514E7C74-3917-45E9-BBAA-2DABB8C58860}.Debug|x86.Build.0 = Debug|Win32
		{514E7C74-3917-45E9-BBAA-2DABB8C58860}.Release|x64.ActiveCfg = Release|x64
		{514E7C74-3917-45E9-BBAA-2DABB8C58860}.Release|x64.Build.0 = Release|x64
		{514E7C74-3917-45E9-BBAA-2DABB8C58860}.Release|x86.ActiveCfg = Release|Win32
		{514E7C74-3917-45E9-BBAA-2DABB8C58860}.Release|x86.Build.0 = Release|Win32
	EndGlobalSection
	GlobalSection(SolutionProperties) = preSolution
		HideSolutionNode = FALSE
	EndGlobalSection
	GlobalSection(ExtensibilityGlobals) = postSolution
		SolutionGuid = {DD1F776B-9498-46AE-9A4E-9A6446A05C30}
	EndGlobalSection
EndGlobal
